
Microsoft Visual Studio Solution File, Format Version 12.00
# Visual Studio Version 16
VisualStudioVersion = 16.0.31911.196
MinimumVisualStudioVersion = 10.0.40219.1
Project("{FAE04EC0-301F-11D3-BF4B-00C04F79EFBC}") = "LINQFinally", "LINQFinally\LINQFinally.csproj", "{64DA83B8-8C04-457F-891F-080B6F49EA4D}"
EndProject
Global
	GlobalSection(SolutionConfigurationPlatforms) = preSolution
		Debug|Any CPU = Debug|Any CPU
		Release|Any CPU = Release|Any CPU
	EndGlobalSection
	GlobalSection(ProjectConfigurationPlatforms) = postSolution
		{64DA83B8-8C04-457F-891F-080B6F49EA4D}.Debug|Any CPU.ActiveCfg = Debug|Any CPU
		{64DA83B8-8C04-457F-891F-080B6F49EA4D}.Debug|Any CPU.Build.0 = Debug|Any CPU
		{64DA83B8-8C04-457F-891F-080B6F49EA4D}.Release|Any CPU.ActiveCfg = Release|Any CPU
		{64DA83B8-8C04-457F-891F-080B6F49EA4D}.Release|Any CPU.Build.0 = Release|Any CPU
	EndGlobalSection
	GlobalSection(SolutionProperties) = preSolution
		HideSolutionNode = FALSE
	EndGlobalSection
	GlobalSection(ExtensibilityGlobals) = postSolution
		SolutionGuid = {C670F61D-9012-4FAC-8336-B068FB722FC5}
	EndGlobalSection
EndGlobal
